
Microsoft Visual Studio Solution File, Format Version 12.00
# Visual Studio 15
VisualStudioVersion = 15.0.28307.539
MinimumVisualStudioVersion = 10.0.40219.1
Project("{FAE04EC0-301F-11D3-BF4B-00C04F79EFBC}") = "ConsoleApp", "ConsoleApp\ConsoleApp.csproj", "{A99E5660-1B18-4BA7-A417-358C8EA23705}"
EndProject
Project("{FAE04EC0-301F-11D3-BF4B-00C04F79EFBC}") = "CsvDataGetter", "CsvDataGetter\CsvDataGetter.csproj", "{5DBBFE98-31A5-43C2-A366-0EDEA1C3E5BA}"
EndProject
Project("{FAE04EC0-301F-11D3-BF4B-00C04F79EFBC}") = "Logic", "Logic\Logic.csproj", "{9AE4287B-6586-4C88-8464-2C9751DF70EE}"
EndProject
Project("{FAE04EC0-301F-11D3-BF4B-00C04F79EFBC}") = "IOperations", "IOperations\IOperations.csproj", "{59026D16-8F6D-4975-808A-1E4277D7046D}"
EndProject
Global
	GlobalSection(SolutionConfigurationPlatforms) = preSolution
		Debug|Any CPU = Debug|Any CPU
		Release|Any CPU = Release|Any CPU
	EndGlobalSection
	GlobalSection(ProjectConfigurationPlatforms) = postSolution
		{A99E5660-1B18-4BA7-A417-358C8EA23705}.Debug|Any CPU.ActiveCfg = Debug|Any CPU
		{A99E5660-1B18-4BA7-A417-358C8EA23705}.Debug|Any CPU.Build.0 = Debug|Any CPU
		{A99E5660-1B18-4BA7-A417-358C8EA23705}.Release|Any CPU.ActiveCfg = Release|Any CPU
		{A99E5660-1B18-4BA7-A417-358C8EA23705}.Release|Any CPU.Build.0 = Release|Any CPU
		{5DBBFE98-31A5-43C2-A366-0EDEA1C3E5BA}.Debug|Any CPU.ActiveCfg = Debug|Any CPU
		{5DBBFE98-31A5-43C2-A366-0EDEA1C3E5BA}.Debug|Any CPU.Build.0 = Debug|Any CPU
		{5DBBFE98-31A5-43C2-A366-0EDEA1C3E5BA}.Release|Any CPU.ActiveCfg = Release|Any CPU
		{5DBBFE98-31A5-43C2-A366-0EDEA1C3E5BA}.Release|Any CPU.Build.0 = Release|Any CPU
		{9AE4287B-6586-4C88-8464-2C9751DF70EE}.Debug|Any CPU.ActiveCfg = Debug|Any CPU
		{9AE4287B-6586-4C88-8464-2C9751DF70EE}.Debug|Any CPU.Build.0 = Debug|Any CPU
		{9AE4287B-6586-4C88-8464-2C9751DF70EE}.Release|Any CPU.ActiveCfg = Release|Any CPU
		{9AE4287B-6586-4C88-8464-2C9751DF70EE}.Release|Any CPU.Build.0 = Release|Any CPU
		{59026D16-8F6D-4975-808A-1E4277D7046D}.Debug|Any CPU.ActiveCfg = Debug|Any CPU
		{59026D16-8F6D-4975-808A-1E4277D7046D}.Debug|Any CPU.Build.0 = Debug|Any CPU
		{59026D16-8F6D-4975-808A-1E4277D7046D}.Release|Any CPU.ActiveCfg = Release|Any CPU
		{59026D16-8F6D-4975-808A-1E4277D7046D}.Release|Any CPU.Build.0 = Release|Any CPU
	EndGlobalSection
	GlobalSection(SolutionProperties) = preSolution
		HideSolutionNode = FALSE
	EndGlobalSection
	GlobalSection(ExtensibilityGlobals) = postSolution
		SolutionGuid = {F46DE211-5D56-4A42-9916-F13734A72DAA}
	EndGlobalSection
EndGlobal
